# This file is automatically @generated by Cargo.
# It is not intended for manual editing.
version = 3

[[package]]
name = "charrid"
version = "0.1.0"
dependencies = [
 "serde",
 "ux",
]

[[package]]
name = "serde"
version = "1.0.160"
source = "registry+https://github.com/rust-lang/crates.io-index"
checksum = "bb2f3770c8bce3bcda7e149193a069a0f4365bda1fa5cd88e03bca26afc1216c"

[[package]]
name = "ux"
version = "0.1.5"
source = "registry+https://github.com/rust-lang/crates.io-index"
checksum = "2cb3ff47e36907a6267572c1e398ff32ef78ac5131de8aa272e53846592c207e"
